// !$*UTF8*$!
{
	archiveVersion = 1;
	classes = {
	};
	objectVersion = 48;
	objects = {

/* Begin PBXBuildFile section */
		3323C1341BE33CC46A4EED18 /* Pods_ViewCodeTrainning.framework in Frameworks */ = {isa = PBXBuildFile; fileRef = 3E6566F9A180EDAB6547A72D /* Pods_ViewCodeTrainning.framework */; };
		992F6D1A2092066000BD338D /* GridBoxViewSpec.swift in Sources */ = {isa = PBXBuildFile; fileRef = 992F6D192092066000BD338D /* GridBoxViewSpec.swift */; };
		992F6D1C20921B5800BD338D /* ViewControllerScreenSpec.swift in Sources */ = {isa = PBXBuildFile; fileRef = 992F6D1B20921B5800BD338D /* ViewControllerScreenSpec.swift */; };
		998BB6412090C93B0056F2B9 /* ViewControllerScreen.swift in Sources */ = {isa = PBXBuildFile; fileRef = 998BB6402090C93B0056F2B9 /* ViewControllerScreen.swift */; };
		998BB6432090D1ED0056F2B9 /* CodeView.swift in Sources */ = {isa = PBXBuildFile; fileRef = 998BB6422090D1ED0056F2B9 /* CodeView.swift */; };
		998BB6452090D7C90056F2B9 /* GridBoxView.swift in Sources */ = {isa = PBXBuildFile; fileRef = 998BB6442090D7C90056F2B9 /* GridBoxView.swift */; };
		99D7ED702090935800295F3D /* AppDelegate.swift in Sources */ = {isa = PBXBuildFile; fileRef = 99D7ED6F2090935800295F3D /* AppDelegate.swift */; };
		99D7ED722090935800295F3D /* ViewController.swift in Sources */ = {isa = PBXBuildFile; fileRef = 99D7ED712090935800295F3D /* ViewController.swift */; };
		99D7ED772090935800295F3D /* Assets.xcassets in Resources */ = {isa = PBXBuildFile; fileRef = 99D7ED762090935800295F3D /* Assets.xcassets */; };
		99D7ED7A2090935800295F3D /* LaunchScreen.storyboard in Resources */ = {isa = PBXBuildFile; fileRef = 99D7ED782090935800295F3D /* LaunchScreen.storyboard */; };
		E0921FC5643025AF4E0674A1 /* Pods_ViewCodeTrainningTests.framework in Frameworks */ = {isa = PBXBuildFile; fileRef = AFC38BAAB7118850296F942D /* Pods_ViewCodeTrainningTests.framework */; };
/* End PBXBuildFile section */

/* Begin PBXContainerItemProxy section */
		99D7ED812090935800295F3D /* PBXContainerItemProxy */ = {
			isa = PBXContainerItemProxy;
			containerPortal = 99D7ED642090935800295F3D /* Project object */;
			proxyType = 1;
			remoteGlobalIDString = 99D7ED6B2090935800295F3D;
			remoteInfo = ViewCodeTrainning;
		};
/* End PBXContainerItemProxy section */

/* Begin PBXFileReference section */
		0F7CB85CF9AB3AF5C6BB81C6 /* Pods-ViewCodeTrainningTests.release.xcconfig */ = {isa = PBXFileReference; includeInIndex = 1; lastKnownFileType = text.xcconfig; name = "Pods-ViewCodeTrainningTests.release.xcconfig"; path = "Pods/Target Support Files/Pods-ViewCodeTrainningTests/Pods-ViewCodeTrainningTests.release.xcconfig"; sourceTree = "<group>"; };
		31212B17281267C8651B2A33 /* Pods-ViewCodeTrainningTests.debug.xcconfig */ = {isa = PBXFileReference; includeInIndex = 1; lastKnownFileType = text.xcconfig; name = "Pods-ViewCodeTrainningTests.debug.xcconfig"; path = "Pods/Target Support Files/Pods-ViewCodeTrainningTests/Pods-ViewCodeTrainningTests.debug.xcconfig"; sourceTree = "<group>"; };
		3617FCA067BF6086F1A34D91 /* Pods-ViewCodeTrainning.debug.xcconfig */ = {isa = PBXFileReference; includeInIndex = 1; lastKnownFileType = text.xcconfig; name = "Pods-ViewCodeTrainning.debug.xcconfig"; path = "Pods/Target Support Files/Pods-ViewCodeTrainning/Pods-ViewCodeTrainning.debug.xcconfig"; sourceTree = "<group>"; };
		3E6566F9A180EDAB6547A72D /* Pods_ViewCodeTrainning.framework */ = {isa = PBXFileReference; explicitFileType = wrapper.framework; includeInIndex = 0; path = Pods_ViewCodeTrainning.framework; sourceTree = BUILT_PRODUCTS_DIR; };
		992F6D192092066000BD338D /* GridBoxViewSpec.swift */ = {isa = PBXFileReference; lastKnownFileType = sourcecode.swift; path = GridBoxViewSpec.swift; sourceTree = "<group>"; };
		992F6D1B20921B5800BD338D /* ViewControllerScreenSpec.swift */ = {isa = PBXFileReference; lastKnownFileType = sourcecode.swift; path = ViewControllerScreenSpec.swift; sourceTree = "<group>"; };
		994EBED0209094F1001BACEF /* SnapKit.framework */ = {isa = PBXFileReference; lastKnownFileType = wrapper.framework; name = SnapKit.framework; path = Carthage/Build/iOS/SnapKit.framework; sourceTree = "<group>"; };
		994EBED520909596001BACEF /* FBSnapshotTestCase.framework.dSYM */ = {isa = PBXFileReference; lastKnownFileType = wrapper.dsym; name = FBSnapshotTestCase.framework.dSYM; path = Carthage/Build/iOS/FBSnapshotTestCase.framework.dSYM; sourceTree = SOURCE_ROOT; };
		994EBED620909596001BACEF /* Quick.framework.dSYM */ = {isa = PBXFileReference; lastKnownFileType = wrapper.dsym; name = Quick.framework.dSYM; path = Carthage/Build/iOS/Quick.framework.dSYM; sourceTree = SOURCE_ROOT; };
		994EBED720909596001BACEF /* Nimble.framework.dSYM */ = {isa = PBXFileReference; lastKnownFileType = wrapper.dsym; name = Nimble.framework.dSYM; path = Carthage/Build/iOS/Nimble.framework.dSYM; sourceTree = SOURCE_ROOT; };
		994EBED820909596001BACEF /* SnapKit.framework.dSYM */ = {isa = PBXFileReference; lastKnownFileType = wrapper.dsym; name = SnapKit.framework.dSYM; path = Carthage/Build/iOS/SnapKit.framework.dSYM; sourceTree = SOURCE_ROOT; };
		994EBED920909596001BACEF /* Nimble_Snapshots.framework.dSYM */ = {isa = PBXFileReference; lastKnownFileType = wrapper.dsym; name = Nimble_Snapshots.framework.dSYM; path = Carthage/Build/iOS/Nimble_Snapshots.framework.dSYM; sourceTree = SOURCE_ROOT; };
		998BB6402090C93B0056F2B9 /* ViewControllerScreen.swift */ = {isa = PBXFileReference; lastKnownFileType = sourcecode.swift; path = ViewControllerScreen.swift; sourceTree = "<group>"; };
		998BB6422090D1ED0056F2B9 /* CodeView.swift */ = {isa = PBXFileReference; lastKnownFileType = sourcecode.swift; path = CodeView.swift; sourceTree = "<group>"; };
		998BB6442090D7C90056F2B9 /* GridBoxView.swift */ = {isa = PBXFileReference; lastKnownFileType = sourcecode.swift; path = GridBoxView.swift; sourceTree = "<group>"; };
		99D7ED6C2090935800295F3D /* ViewCodeTrainning.app */ = {isa = PBXFileReference; explicitFileType = wrapper.application; includeInIndex = 0; path = ViewCodeTrainning.app; sourceTree = BUILT_PRODUCTS_DIR; };
		99D7ED6F2090935800295F3D /* AppDelegate.swift */ = {isa = PBXFileReference; lastKnownFileType = sourcecode.swift; path = AppDelegate.swift; sourceTree = "<group>"; };
		99D7ED712090935800295F3D /* ViewController.swift */ = {isa = PBXFileReference; lastKnownFileType = sourcecode.swift; path = ViewController.swift; sourceTree = "<group>"; };
		99D7ED762090935800295F3D /* Assets.xcassets */ = {isa = PBXFileReference; lastKnownFileType = folder.assetcatalog; path = Assets.xcassets; sourceTree = "<group>"; };
		99D7ED792090935800295F3D /* Base */ = {isa = PBXFileReference; lastKnownFileType = file.storyboard; name = Base; path = Base.lproj/LaunchScreen.storyboard; sourceTree = "<group>"; };
		99D7ED7B2090935800295F3D /* Info.plist */ = {isa = PBXFileReference; lastKnownFileType = text.plist.xml; path = Info.plist; sourceTree = "<group>"; };
		99D7ED802090935800295F3D /* ViewCodeTrainningTests.xctest */ = {isa = PBXFileReference; explicitFileType = wrapper.cfbundle; includeInIndex = 0; path = ViewCodeTrainningTests.xctest; sourceTree = BUILT_PRODUCTS_DIR; };
		99D7ED862090935800295F3D /* Info.plist */ = {isa = PBXFileReference; lastKnownFileType = text.plist.xml; path = Info.plist; sourceTree = "<group>"; };
		99F7C183209096770007D3D7 /* Reusable.framework */ = {isa = PBXFileReference; lastKnownFileType = wrapper.framework; name = Reusable.framework; path = Carthage/Build/iOS/Reusable.framework; sourceTree = "<group>"; };
		99F7C185209096AE0007D3D7 /* Reusable.framework.dSYM */ = {isa = PBXFileReference; lastKnownFileType = wrapper.dsym; name = Reusable.framework.dSYM; path = Carthage/Build/iOS/Reusable.framework.dSYM; sourceTree = SOURCE_ROOT; };
		99F7C188209096D40007D3D7 /* FBSnapshotTestCase.framework */ = {isa = PBXFileReference; lastKnownFileType = wrapper.framework; name = FBSnapshotTestCase.framework; path = Carthage/Build/iOS/FBSnapshotTestCase.framework; sourceTree = "<group>"; };
		99F7C189209096D40007D3D7 /* Nimble.framework */ = {isa = PBXFileReference; lastKnownFileType = wrapper.framework; name = Nimble.framework; path = Carthage/Build/iOS/Nimble.framework; sourceTree = "<group>"; };
		99F7C18A209096D40007D3D7 /* Quick.framework */ = {isa = PBXFileReference; lastKnownFileType = wrapper.framework; name = Quick.framework; path = Carthage/Build/iOS/Quick.framework; sourceTree = "<group>"; };
		99F7C18B209096D50007D3D7 /* Nimble_Snapshots.framework */ = {isa = PBXFileReference; lastKnownFileType = wrapper.framework; name = Nimble_Snapshots.framework; path = Carthage/Build/iOS/Nimble_Snapshots.framework; sourceTree = "<group>"; };
		AFC38BAAB7118850296F942D /* Pods_ViewCodeTrainningTests.framework */ = {isa = PBXFileReference; explicitFileType = wrapper.framework; includeInIndex = 0; path = Pods_ViewCodeTrainningTests.framework; sourceTree = BUILT_PRODUCTS_DIR; };
		D71EB2DFE60C340FE84CC146 /* Pods-ViewCodeTrainning.release.xcconfig */ = {isa = PBXFileReference; includeInIndex = 1; lastKnownFileType = text.xcconfig; name = "Pods-ViewCodeTrainning.release.xcconfig"; path = "Pods/Target Support Files/Pods-ViewCodeTrainning/Pods-ViewCodeTrainning.release.xcconfig"; sourceTree = "<group>"; };
/* End PBXFileReference section */

/* Begin PBXFrameworksBuildPhase section */
		99D7ED692090935800295F3D /* Frameworks */ = {
			isa = PBXFrameworksBuildPhase;
			buildActionMask = 2147483647;
			files = (
				3323C1341BE33CC46A4EED18 /* Pods_ViewCodeTrainning.framework in Frameworks */,
			);
			runOnlyForDeploymentPostprocessing = 0;
		};
		99D7ED7D2090935800295F3D /* Frameworks */ = {
			isa = PBXFrameworksBuildPhase;
			buildActionMask = 2147483647;
			files = (
				E0921FC5643025AF4E0674A1 /* Pods_ViewCodeTrainningTests.framework in Frameworks */,
			);
			runOnlyForDeploymentPostprocessing = 0;
		};
/* End PBXFrameworksBuildPhase section */

/* Begin PBXGroup section */
		2E47FF03F466D46B5F8484A2 /* Pods */ = {
			isa = PBXGroup;
			children = (
				3617FCA067BF6086F1A34D91 /* Pods-ViewCodeTrainning.debug.xcconfig */,
				D71EB2DFE60C340FE84CC146 /* Pods-ViewCodeTrainning.release.xcconfig */,
				31212B17281267C8651B2A33 /* Pods-ViewCodeTrainningTests.debug.xcconfig */,
				0F7CB85CF9AB3AF5C6BB81C6 /* Pods-ViewCodeTrainningTests.release.xcconfig */,
			);
			name = Pods;
			sourceTree = "<group>";
		};
		994EBECF209094F1001BACEF /* Frameworks */ = {
			isa = PBXGroup;
			children = (
				99F7C188209096D40007D3D7 /* FBSnapshotTestCase.framework */,
				99F7C18B209096D50007D3D7 /* Nimble_Snapshots.framework */,
				99F7C189209096D40007D3D7 /* Nimble.framework */,
				99F7C18A209096D40007D3D7 /* Quick.framework */,
				99F7C183209096770007D3D7 /* Reusable.framework */,
				994EBED0209094F1001BACEF /* SnapKit.framework */,
				3E6566F9A180EDAB6547A72D /* Pods_ViewCodeTrainning.framework */,
				AFC38BAAB7118850296F942D /* Pods_ViewCodeTrainningTests.framework */,
			);
			name = Frameworks;
			sourceTree = "<group>";
		};
		994EBED42090957D001BACEF /* dSYMs */ = {
			isa = PBXGroup;
			children = (
				99F7C185209096AE0007D3D7 /* Reusable.framework.dSYM */,
				994EBED520909596001BACEF /* FBSnapshotTestCase.framework.dSYM */,
				994EBED920909596001BACEF /* Nimble_Snapshots.framework.dSYM */,
				994EBED720909596001BACEF /* Nimble.framework.dSYM */,
				994EBED620909596001BACEF /* Quick.framework.dSYM */,
				994EBED820909596001BACEF /* SnapKit.framework.dSYM */,
			);
			path = dSYMs;
			sourceTree = "<group>";
		};
		99D7ED632090935800295F3D = {
			isa = PBXGroup;
			children = (
				994EBED42090957D001BACEF /* dSYMs */,
				99D7ED6E2090935800295F3D /* ViewCodeTrainning */,
				99D7ED832090935800295F3D /* ViewCodeTrainningTests */,
				99D7ED6D2090935800295F3D /* Products */,
				994EBECF209094F1001BACEF /* Frameworks */,
				2E47FF03F466D46B5F8484A2 /* Pods */,
			);
			sourceTree = "<group>";
		};
		99D7ED6D2090935800295F3D /* Products */ = {
			isa = PBXGroup;
			children = (
				99D7ED6C2090935800295F3D /* ViewCodeTrainning.app */,
				99D7ED802090935800295F3D /* ViewCodeTrainningTests.xctest */,
			);
			name = Products;
			sourceTree = "<group>";
		};
		99D7ED6E2090935800295F3D /* ViewCodeTrainning */ = {
			isa = PBXGroup;
			children = (
				99D7ED6F2090935800295F3D /* AppDelegate.swift */,
				99D7ED712090935800295F3D /* ViewController.swift */,
				99D7ED762090935800295F3D /* Assets.xcassets */,
				99D7ED782090935800295F3D /* LaunchScreen.storyboard */,
				99D7ED7B2090935800295F3D /* Info.plist */,
				998BB6402090C93B0056F2B9 /* ViewControllerScreen.swift */,
				998BB6422090D1ED0056F2B9 /* CodeView.swift */,
				998BB6442090D7C90056F2B9 /* GridBoxView.swift */,
			);
			path = ViewCodeTrainning;
			sourceTree = "<group>";
		};
		99D7ED832090935800295F3D /* ViewCodeTrainningTests */ = {
			isa = PBXGroup;
			children = (
				99D7ED862090935800295F3D /* Info.plist */,
				992F6D192092066000BD338D /* GridBoxViewSpec.swift */,
				992F6D1B20921B5800BD338D /* ViewControllerScreenSpec.swift */,
			);
			path = ViewCodeTrainningTests;
			sourceTree = "<group>";
		};
/* End PBXGroup section */

/* Begin PBXNativeTarget section */
		99D7ED6B2090935800295F3D /* ViewCodeTrainning */ = {
			isa = PBXNativeTarget;
			buildConfigurationList = 99D7ED892090935800295F3D /* Build configuration list for PBXNativeTarget "ViewCodeTrainning" */;
			buildPhases = (
				88460044BD5B3B25646FC1C4 /* [CP] Check Pods Manifest.lock */,
				99D7ED682090935800295F3D /* Sources */,
				99D7ED692090935800295F3D /* Frameworks */,
				99D7ED6A2090935800295F3D /* Resources */,
				AFA72CD8E1FF8E1E88B35FD0 /* [CP] Embed Pods Frameworks */,
			);
			buildRules = (
			);
			dependencies = (
			);
			name = ViewCodeTrainning;
			productName = ViewCodeTrainning;
			productReference = 99D7ED6C2090935800295F3D /* ViewCodeTrainning.app */;
			productType = "com.apple.product-type.application";
		};
		99D7ED7F2090935800295F3D /* ViewCodeTrainningTests */ = {
			isa = PBXNativeTarget;
			buildConfigurationList = 99D7ED8C2090935800295F3D /* Build configuration list for PBXNativeTarget "ViewCodeTrainningTests" */;
			buildPhases = (
				8975F1DEE4FA9A5EB9C3DACB /* [CP] Check Pods Manifest.lock */,
				99D7ED7C2090935800295F3D /* Sources */,
				99D7ED7D2090935800295F3D /* Frameworks */,
				99D7ED7E2090935800295F3D /* Resources */,
				CE22040D0B4A7E8DBEBD8276 /* [CP] Embed Pods Frameworks */,
			);
			buildRules = (
			);
			dependencies = (
				99D7ED822090935800295F3D /* PBXTargetDependency */,
			);
			name = ViewCodeTrainningTests;
			productName = ViewCodeTrainningTests;
			productReference = 99D7ED802090935800295F3D /* ViewCodeTrainningTests.xctest */;
			productType = "com.apple.product-type.bundle.unit-test";
		};
/* End PBXNativeTarget section */

/* Begin PBXProject section */
		99D7ED642090935800295F3D /* Project object */ = {
			isa = PBXProject;
			attributes = {
				LastSwiftUpdateCheck = 0920;
				LastUpgradeCheck = 0920;
				ORGANIZATIONNAME = thiago.lioy;
				TargetAttributes = {
					99D7ED6B2090935800295F3D = {
						CreatedOnToolsVersion = 9.2;
						ProvisioningStyle = Automatic;
					};
					99D7ED7F2090935800295F3D = {
						CreatedOnToolsVersion = 9.2;
						LastSwiftMigration = 0920;
						ProvisioningStyle = Automatic;
						TestTargetID = 99D7ED6B2090935800295F3D;
					};
				};
			};
			buildConfigurationList = 99D7ED672090935800295F3D /* Build configuration list for PBXProject "ViewCodeTrainning" */;
			compatibilityVersion = "Xcode 8.0";
			developmentRegion = en;
			hasScannedForEncodings = 0;
			knownRegions = (
				en,
				Base,
			);
			mainGroup = 99D7ED632090935800295F3D;
			productRefGroup = 99D7ED6D2090935800295F3D /* Products */;
			projectDirPath = "";
			projectRoot = "";
			targets = (
				99D7ED6B2090935800295F3D /* ViewCodeTrainning */,
				99D7ED7F2090935800295F3D /* ViewCodeTrainningTests */,
			);
		};
/* End PBXProject section */

/* Begin PBXResourcesBuildPhase section */
		99D7ED6A2090935800295F3D /* Resources */ = {
			isa = PBXResourcesBuildPhase;
			buildActionMask = 2147483647;
			files = (
				99D7ED7A2090935800295F3D /* LaunchScreen.storyboard in Resources */,
				99D7ED772090935800295F3D /* Assets.xcassets in Resources */,
			);
			runOnlyForDeploymentPostprocessing = 0;
		};
		99D7ED7E2090935800295F3D /* Resources */ = {
			isa = PBXResourcesBuildPhase;
			buildActionMask = 2147483647;
			files = (
			);
			runOnlyForDeploymentPostprocessing = 0;
		};
/* End PBXResourcesBuildPhase section */

/* Begin PBXShellScriptBuildPhase section */
		88460044BD5B3B25646FC1C4 /* [CP] Check Pods Manifest.lock */ = {
			isa = PBXShellScriptBuildPhase;
			buildActionMask = 2147483647;
			files = (
			);
			inputFileListPaths = (
			);
			inputPaths = (
				"${PODS_PODFILE_DIR_PATH}/Podfile.lock",
				"${PODS_ROOT}/Manifest.lock",
			);
			name = "[CP] Check Pods Manifest.lock";
			outputFileListPaths = (
			);
			outputPaths = (
				"$(DERIVED_FILE_DIR)/Pods-ViewCodeTrainning-checkManifestLockResult.txt",
			);
			runOnlyForDeploymentPostprocessing = 0;
			shellPath = /bin/sh;
			shellScript = "diff \"${PODS_PODFILE_DIR_PATH}/Podfile.lock\" \"${PODS_ROOT}/Manifest.lock\" > /dev/null\nif [ $? != 0 ] ; then\n    # print error to STDERR\n    echo \"error: The sandbox is not in sync with the Podfile.lock. Run 'pod install' or update your CocoaPods installation.\" >&2\n    exit 1\nfi\n# This output is used by Xcode 'outputs' to avoid re-running this script phase.\necho \"SUCCESS\" > \"${SCRIPT_OUTPUT_FILE_0}\"\n";
			showEnvVarsInLog = 0;
		};
		8975F1DEE4FA9A5EB9C3DACB /* [CP] Check Pods Manifest.lock */ = {
			isa = PBXShellScriptBuildPhase;
			buildActionMask = 2147483647;
			files = (
			);
			inputFileListPaths = (
			);
			inputPaths = (
				"${PODS_PODFILE_DIR_PATH}/Podfile.lock",
				"${PODS_ROOT}/Manifest.lock",
			);
			name = "[CP] Check Pods Manifest.lock";
			outputFileListPaths = (
			);
			outputPaths = (
				"$(DERIVED_FILE_DIR)/Pods-ViewCodeTrainningTests-checkManifestLockResult.txt",
			);
			runOnlyForDeploymentPostprocessing = 0;
			shellPath = /bin/sh;
			shellScript = "diff \"${PODS_PODFILE_DIR_PATH}/Podfile.lock\" \"${PODS_ROOT}/Manifest.lock\" > /dev/null\nif [ $? != 0 ] ; then\n    # print error to STDERR\n    echo \"error: The sandbox is not in sync with the Podfile.lock. Run 'pod install' or update your CocoaPods installation.\" >&2\n    exit 1\nfi\n# This output is used by Xcode 'outputs' to avoid re-running this script phase.\necho \"SUCCESS\" > \"${SCRIPT_OUTPUT_FILE_0}\"\n";
			showEnvVarsInLog = 0;
		};
		AFA72CD8E1FF8E1E88B35FD0 /* [CP] Embed Pods Frameworks */ = {
			isa = PBXShellScriptBuildPhase;
			buildActionMask = 2147483647;
			files = (
			);
			inputFileListPaths = (
			);
			inputPaths = (
				"${SRCROOT}/Pods/Target Support Files/Pods-ViewCodeTrainning/Pods-ViewCodeTrainning-frameworks.sh",
				"${BUILT_PRODUCTS_DIR}/Reusable/Reusable.framework",
				"${BUILT_PRODUCTS_DIR}/SnapKit/SnapKit.framework",
			);
			name = "[CP] Embed Pods Frameworks";
			outputFileListPaths = (
			);
			outputPaths = (
				"${TARGET_BUILD_DIR}/${FRAMEWORKS_FOLDER_PATH}/Reusable.framework",
				"${TARGET_BUILD_DIR}/${FRAMEWORKS_FOLDER_PATH}/SnapKit.framework",
			);
			runOnlyForDeploymentPostprocessing = 0;
			shellPath = /bin/sh;
			shellScript = "\"${SRCROOT}/Pods/Target Support Files/Pods-ViewCodeTrainning/Pods-ViewCodeTrainning-frameworks.sh\"\n";
			showEnvVarsInLog = 0;
		};
		CE22040D0B4A7E8DBEBD8276 /* [CP] Embed Pods Frameworks */ = {
			isa = PBXShellScriptBuildPhase;
			buildActionMask = 2147483647;
			files = (
			);
			inputFileListPaths = (
			);
			inputPaths = (
				"${SRCROOT}/Pods/Target Support Files/Pods-ViewCodeTrainningTests/Pods-ViewCodeTrainningTests-frameworks.sh",
				"${BUILT_PRODUCTS_DIR}/Nimble/Nimble.framework",
				"${BUILT_PRODUCTS_DIR}/Nimble-Snapshots/Nimble_Snapshots.framework",
				"${BUILT_PRODUCTS_DIR}/Quick/Quick.framework",
				"${BUILT_PRODUCTS_DIR}/iOSSnapshotTestCase/FBSnapshotTestCase.framework",
			);
			name = "[CP] Embed Pods Frameworks";
			outputFileListPaths = (
			);
			outputPaths = (
				"${TARGET_BUILD_DIR}/${FRAMEWORKS_FOLDER_PATH}/Nimble.framework",
				"${TARGET_BUILD_DIR}/${FRAMEWORKS_FOLDER_PATH}/Nimble_Snapshots.framework",
				"${TARGET_BUILD_DIR}/${FRAMEWORKS_FOLDER_PATH}/Quick.framework",
				"${TARGET_BUILD_DIR}/${FRAMEWORKS_FOLDER_PATH}/FBSnapshotTestCase.framework",
			);
			runOnlyForDeploymentPostprocessing = 0;
			shellPath = /bin/sh;
			shellScript = "\"${SRCROOT}/Pods/Target Support Files/Pods-ViewCodeTrainningTests/Pods-ViewCodeTrainningTests-frameworks.sh\"\n";
			showEnvVarsInLog = 0;
		};
/* End PBXShellScriptBuildPhase section */

/* Begin PBXSourcesBuildPhase section */
		99D7ED682090935800295F3D /* Sources */ = {
			isa = PBXSourcesBuildPhase;
			buildActionMask = 2147483647;
			files = (
				998BB6452090D7C90056F2B9 /* GridBoxView.swift in Sources */,
				99D7ED722090935800295F3D /* ViewController.swift in Sources */,
				998BB6412090C93B0056F2B9 /* ViewControllerScreen.swift in Sources */,
				99D7ED702090935800295F3D /* AppDelegate.swift in Sources */,
				998BB6432090D1ED0056F2B9 /* CodeView.swift in Sources */,
			);
			runOnlyForDeploymentPostprocessing = 0;
		};
		99D7ED7C2090935800295F3D /* Sources */ = {
			isa = PBXSourcesBuildPhase;
			buildActionMask = 2147483647;
			files = (
				992F6D1A2092066000BD338D /* GridBoxViewSpec.swift in Sources */,
				992F6D1C20921B5800BD338D /* ViewControllerScreenSpec.swift in Sources */,
			);
			runOnlyForDeploymentPostprocessing = 0;
		};
/* End PBXSourcesBuildPhase section */

/* Begin PBXTargetDependency section */
		99D7ED822090935800295F3D /* PBXTargetDependency */ = {
			isa = PBXTargetDependency;
			target = 99D7ED6B2090935800295F3D /* ViewCodeTrainning */;
			targetProxy = 99D7ED812090935800295F3D /* PBXContainerItemProxy */;
		};
/* End PBXTargetDependency section */

/* Begin PBXVariantGroup section */
		99D7ED782090935800295F3D /* LaunchScreen.storyboard */ = {
			isa = PBXVariantGroup;
			children = (
				99D7ED792090935800295F3D /* Base */,
			);
			name = LaunchScreen.storyboard;
			sourceTree = "<group>";
		};
/* End PBXVariantGroup section */

/* Begin XCBuildConfiguration section */
		99D7ED872090935800295F3D /* Debug */ = {
			isa = XCBuildConfiguration;
			buildSettings = {
				ALWAYS_SEARCH_USER_PATHS = NO;
				CLANG_ANALYZER_NONNULL = YES;
				CLANG_ANALYZER_NUMBER_OBJECT_CONVERSION = YES_AGGRESSIVE;
				CLANG_CXX_LANGUAGE_STANDARD = "gnu++14";
				CLANG_CXX_LIBRARY = "libc++";
				CLANG_ENABLE_MODULES = YES;
				CLANG_ENABLE_OBJC_ARC = YES;
				CLANG_WARN_BLOCK_CAPTURE_AUTORELEASING = YES;
				CLANG_WARN_BOOL_CONVERSION = YES;
				CLANG_WARN_COMMA = YES;
				CLANG_WARN_CONSTANT_CONVERSION = YES;
				CLANG_WARN_DIRECT_OBJC_ISA_USAGE = YES_ERROR;
				CLANG_WARN_DOCUMENTATION_COMMENTS = YES;
				CLANG_WARN_EMPTY_BODY = YES;
				CLANG_WARN_ENUM_CONVERSION = YES;
				CLANG_WARN_INFINITE_RECURSION = YES;
				CLANG_WARN_INT_CONVERSION = YES;
				CLANG_WARN_NON_LITERAL_NULL_CONVERSION = YES;
				CLANG_WARN_OBJC_LITERAL_CONVERSION = YES;
				CLANG_WARN_OBJC_ROOT_CLASS = YES_ERROR;
				CLANG_WARN_RANGE_LOOP_ANALYSIS = YES;
				CLANG_WARN_STRICT_PROTOTYPES = YES;
				CLANG_WARN_SUSPICIOUS_MOVE = YES;
				CLANG_WARN_UNGUARDED_AVAILABILITY = YES_AGGRESSIVE;
				CLANG_WARN_UNREACHABLE_CODE = YES;
				CLANG_WARN__DUPLICATE_METHOD_MATCH = YES;
				CODE_SIGN_IDENTITY = "iPhone Developer";
				COPY_PHASE_STRIP = NO;
				DEBUG_INFORMATION_FORMAT = dwarf;
				ENABLE_STRICT_OBJC_MSGSEND = YES;
				ENABLE_TESTABILITY = YES;
				GCC_C_LANGUAGE_STANDARD = gnu11;
				GCC_DYNAMIC_NO_PIC = NO;
				GCC_NO_COMMON_BLOCKS = YES;
				GCC_OPTIMIZATION_LEVEL = 0;
				GCC_PREPROCESSOR_DEFINITIONS = (
					"DEBUG=1",
					"$(inherited)",
				);
				GCC_WARN_64_TO_32_BIT_CONVERSION = YES;
				GCC_WARN_ABOUT_RETURN_TYPE = YES_ERROR;
				GCC_WARN_UNDECLARED_SELECTOR = YES;
				GCC_WARN_UNINITIALIZED_AUTOS = YES_AGGRESSIVE;
				GCC_WARN_UNUSED_FUNCTION = YES;
				GCC_WARN_UNUSED_VARIABLE = YES;
				IPHONEOS_DEPLOYMENT_TARGET = 11.2;
				MTL_ENABLE_DEBUG_INFO = YES;
				ONLY_ACTIVE_ARCH = YES;
				SDKROOT = iphoneos;
				SWIFT_ACTIVE_COMPILATION_CONDITIONS = DEBUG;
				SWIFT_OPTIMIZATION_LEVEL = "-Onone";
			};
			name = Debug;
		};
		99D7ED882090935800295F3D /* Release */ = {
			isa = XCBuildConfiguration;
			buildSettings = {
				ALWAYS_SEARCH_USER_PATHS = NO;
				CLANG_ANALYZER_NONNULL = YES;
				CLANG_ANALYZER_NUMBER_OBJECT_CONVERSION = YES_AGGRESSIVE;
				CLANG_CXX_LANGUAGE_STANDARD = "gnu++14";
				CLANG_CXX_LIBRARY = "libc++";
				CLANG_ENABLE_MODULES = YES;
				CLANG_ENABLE_OBJC_ARC = YES;
				CLANG_WARN_BLOCK_CAPTURE_AUTORELEASING = YES;
				CLANG_WARN_BOOL_CONVERSION = YES;
				CLANG_WARN_COMMA = YES;
				CLANG_WARN_CONSTANT_CONVERSION = YES;
				CLANG_WARN_DIRECT_OBJC_ISA_USAGE = YES_ERROR;
				CLANG_WARN_DOCUMENTATION_COMMENTS = YES;
				CLANG_WARN_EMPTY_BODY = YES;
				CLANG_WARN_ENUM_CONVERSION = YES;
				CLANG_WARN_INFINITE_RECURSION = YES;
				CLANG_WARN_INT_CONVERSION = YES;
				CLANG_WARN_NON_LITERAL_NULL_CONVERSION = YES;
				CLANG_WARN_OBJC_LITERAL_CONVERSION = YES;
				CLANG_WARN_OBJC_ROOT_CLASS = YES_ERROR;
				CLANG_WARN_RANGE_LOOP_ANALYSIS = YES;
				CLANG_WARN_STRICT_PROTOTYPES = YES;
				CLANG_WARN_SUSPICIOUS_MOVE = YES;
				CLANG_WARN_UNGUARDED_AVAILABILITY = YES_AGGRESSIVE;
				CLANG_WARN_UNREACHABLE_CODE = YES;
				CLANG_WARN__DUPLICATE_METHOD_MATCH = YES;
				CODE_SIGN_IDENTITY = "iPhone Developer";
				COPY_PHASE_STRIP = NO;
				DEBUG_INFORMATION_FORMAT = "dwarf-with-dsym";
				ENABLE_NS_ASSERTIONS = NO;
				ENABLE_STRICT_OBJC_MSGSEND = YES;
				GCC_C_LANGUAGE_STANDARD = gnu11;
				GCC_NO_COMMON_BLOCKS = YES;
				GCC_WARN_64_TO_32_BIT_CONVERSION = YES;
				GCC_WARN_ABOUT_RETURN_TYPE = YES_ERROR;
				GCC_WARN_UNDECLARED_SELECTOR = YES;
				GCC_WARN_UNINITIALIZED_AUTOS = YES_AGGRESSIVE;
				GCC_WARN_UNUSED_FUNCTION = YES;
				GCC_WARN_UNUSED_VARIABLE = YES;
				IPHONEOS_DEPLOYMENT_TARGET = 11.2;
				MTL_ENABLE_DEBUG_INFO = NO;
				SDKROOT = iphoneos;
				SWIFT_OPTIMIZATION_LEVEL = "-Owholemodule";
				VALIDATE_PRODUCT = YES;
			};
			name = Release;
		};
		99D7ED8A2090935800295F3D /* Debug */ = {
			isa = XCBuildConfiguration;
			baseConfigurationReference = 3617FCA067BF6086F1A34D91 /* Pods-ViewCodeTrainning.debug.xcconfig */;
			buildSettings = {
				ASSETCATALOG_COMPILER_APPICON_NAME = AppIcon;
				CODE_SIGN_STYLE = Automatic;
				FRAMEWORK_SEARCH_PATHS = (
					"$(inherited)",
					"$(PROJECT_DIR)/Carthage/Build/iOS",
				);
				INFOPLIST_FILE = ViewCodeTrainning/Info.plist;
				LD_RUNPATH_SEARCH_PATHS = "$(inherited) @executable_path/Frameworks";
				PRODUCT_BUNDLE_IDENTIFIER = tplioy.ViewCodeTrainning;
				PRODUCT_NAME = "$(TARGET_NAME)";
				SWIFT_VERSION = 4.0;
				TARGETED_DEVICE_FAMILY = "1,2";
			};
			name = Debug;
		};
		99D7ED8B2090935800295F3D /* Release */ = {
			isa = XCBuildConfiguration;
			baseConfigurationReference = D71EB2DFE60C340FE84CC146 /* Pods-ViewCodeTrainning.release.xcconfig */;
			buildSettings = {
				ASSETCATALOG_COMPILER_APPICON_NAME = AppIcon;
				CODE_SIGN_STYLE = Automatic;
				FRAMEWORK_SEARCH_PATHS = (
					"$(inherited)",
					"$(PROJECT_DIR)/Carthage/Build/iOS",
				);
				INFOPLIST_FILE = ViewCodeTrainning/Info.plist;
				LD_RUNPATH_SEARCH_PATHS = "$(inherited) @executable_path/Frameworks";
				PRODUCT_BUNDLE_IDENTIFIER = tplioy.ViewCodeTrainning;
				PRODUCT_NAME = "$(TARGET_NAME)";
				SWIFT_VERSION = 4.0;
				TARGETED_DEVICE_FAMILY = "1,2";
			};
			name = Release;
		};
		99D7ED8D2090935800295F3D /* Debug */ = {
			isa = XCBuildConfiguration;
			baseConfigurationReference = 31212B17281267C8651B2A33 /* Pods-ViewCodeTrainningTests.debug.xcconfig */;
			buildSettings = {
				ALWAYS_EMBED_SWIFT_STANDARD_LIBRARIES = YES;
				BUNDLE_LOADER = "$(TEST_HOST)";
				CLANG_ENABLE_MODULES = YES;
				CODE_SIGN_STYLE = Automatic;
				FRAMEWORK_SEARCH_PATHS = (
					"$(inherited)",
					"$(PROJECT_DIR)/Carthage/Build/iOS",
				);
				INFOPLIST_FILE = ViewCodeTrainningTests/Info.plist;
				LD_RUNPATH_SEARCH_PATHS = "$(inherited) @executable_path/Frameworks @loader_path/Frameworks";
				PRODUCT_BUNDLE_IDENTIFIER = tplioy.ViewCodeTrainningTests;
				PRODUCT_NAME = "$(TARGET_NAME)";
				SWIFT_OPTIMIZATION_LEVEL = "-Onone";
				SWIFT_VERSION = 4.0;
				TARGETED_DEVICE_FAMILY = "1,2";
				TEST_HOST = "$(BUILT_PRODUCTS_DIR)/ViewCodeTrainning.app/ViewCodeTrainning";
			};
			name = Debug;
		};
		99D7ED8E2090935800295F3D /* Release */ = {
			isa = XCBuildConfiguration;
			baseConfigurationReference = 0F7CB85CF9AB3AF5C6BB81C6 /* Pods-ViewCodeTrainningTests.release.xcconfig */;
			buildSettings = {
				ALWAYS_EMBED_SWIFT_STANDARD_LIBRARIES = YES;
				BUNDLE_LOADER = "$(TEST_HOST)";
				CLANG_ENABLE_MODULES = YES;
				CODE_SIGN_STYLE = Automatic;
				FRAMEWORK_SEARCH_PATHS = (
					"$(inherited)",
					"$(PROJECT_DIR)/Carthage/Build/iOS",
				);
				INFOPLIST_FILE = ViewCodeTrainningTests/Info.plist;
				LD_RUNPATH_SEARCH_PATHS = "$(inherited) @executable_path/Frameworks @loader_path/Frameworks";
				PRODUCT_BUNDLE_IDENTIFIER = tplioy.ViewCodeTrainningTests;
				PRODUCT_NAME = "$(TARGET_NAME)";
				SWIFT_VERSION = 4.0;
				TARGETED_DEVICE_FAMILY = "1,2";
				TEST_HOST = "$(BUILT_PRODUCTS_DIR)/ViewCodeTrainning.app/ViewCodeTrainning";
			};
			name = Release;
		};
/* End XCBuildConfiguration section */

/* Begin XCConfigurationList section */
		99D7ED672090935800295F3D /* Build configuration list for PBXProject "ViewCodeTrainning" */ = {
			isa = XCConfigurationList;
			buildConfigurations = (
				99D7ED872090935800295F3D /* Debug */,
				99D7ED882090935800295F3D /* Release */,
			);
			defaultConfigurationIsVisible = 0;
			defaultConfigurationName = Release;
		};
		99D7ED892090935800295F3D /* Build configuration list for PBXNativeTarget "ViewCodeTrainning" */ = {
			isa = XCConfigurationList;
			buildConfigurations = (
				99D7ED8A2090935800295F3D /* Debug */,
				99D7ED8B2090935800295F3D /* Release */,
			);
			defaultConfigurationIsVisible = 0;
			defaultConfigurationName = Release;
		};
		99D7ED8C2090935800295F3D /* Build configuration list for PBXNativeTarget "ViewCodeTrainningTests" */ = {
			isa = XCConfigurationList;
			buildConfigurations = (
				99D7ED8D2090935800295F3D /* Debug */,
				99D7ED8E2090935800295F3D /* Release */,
			);
			defaultConfigurationIsVisible = 0;
			defaultConfigurationName = Release;
		};
/* End XCConfigurationList section */
	};
	rootObject = 99D7ED642090935800295F3D /* Project object */;
}
