// !$*UTF8*$!
{
	archiveVersion = 1;
	classes = {
	};
	objectVersion = 48;
	objects = {

/* Begin PBXBuildFile section */
		994EBED1209094F1001BACEF /* SnapKit.framework in Frameworks */ = {isa = PBXBuildFile; fileRef = 994EBED0209094F1001BACEF /* SnapKit.framework */; };
		994EBEDA20909596001BACEF /* FBSnapshotTestCase.framework.dSYM in Resources */ = {isa = PBXBuildFile; fileRef = 994EBED520909596001BACEF /* FBSnapshotTestCase.framework.dSYM */; };
		994EBEDB20909596001BACEF /* Quick.framework.dSYM in Resources */ = {isa = PBXBuildFile; fileRef = 994EBED620909596001BACEF /* Quick.framework.dSYM */; };
		994EBEDC20909596001BACEF /* Nimble.framework.dSYM in Resources */ = {isa = PBXBuildFile; fileRef = 994EBED720909596001BACEF /* Nimble.framework.dSYM */; };
		994EBEDD20909596001BACEF /* SnapKit.framework.dSYM in Resources */ = {isa = PBXBuildFile; fileRef = 994EBED820909596001BACEF /* SnapKit.framework.dSYM */; };
		994EBEDE20909596001BACEF /* Nimble_Snapshots.framework.dSYM in Resources */ = {isa = PBXBuildFile; fileRef = 994EBED920909596001BACEF /* Nimble_Snapshots.framework.dSYM */; };
		994EBEDF2090959D001BACEF /* SnapKit.framework.dSYM in CopyFiles */ = {isa = PBXBuildFile; fileRef = 994EBED820909596001BACEF /* SnapKit.framework.dSYM */; };
		998BB6412090C93B0056F2B9 /* ViewControllerScreen.swift in Sources */ = {isa = PBXBuildFile; fileRef = 998BB6402090C93B0056F2B9 /* ViewControllerScreen.swift */; };
		998BB6432090D1ED0056F2B9 /* CodeView.swift in Sources */ = {isa = PBXBuildFile; fileRef = 998BB6422090D1ED0056F2B9 /* CodeView.swift */; };
		99D7ED702090935800295F3D /* AppDelegate.swift in Sources */ = {isa = PBXBuildFile; fileRef = 99D7ED6F2090935800295F3D /* AppDelegate.swift */; };
		99D7ED722090935800295F3D /* ViewController.swift in Sources */ = {isa = PBXBuildFile; fileRef = 99D7ED712090935800295F3D /* ViewController.swift */; };
		99D7ED772090935800295F3D /* Assets.xcassets in Resources */ = {isa = PBXBuildFile; fileRef = 99D7ED762090935800295F3D /* Assets.xcassets */; };
		99D7ED7A2090935800295F3D /* LaunchScreen.storyboard in Resources */ = {isa = PBXBuildFile; fileRef = 99D7ED782090935800295F3D /* LaunchScreen.storyboard */; };
		99D7ED852090935800295F3D /* ViewCodeTrainningTests.swift in Sources */ = {isa = PBXBuildFile; fileRef = 99D7ED842090935800295F3D /* ViewCodeTrainningTests.swift */; };
		99F7C184209096770007D3D7 /* Reusable.framework in Frameworks */ = {isa = PBXBuildFile; fileRef = 99F7C183209096770007D3D7 /* Reusable.framework */; };
		99F7C186209096AE0007D3D7 /* Reusable.framework.dSYM in Resources */ = {isa = PBXBuildFile; fileRef = 99F7C185209096AE0007D3D7 /* Reusable.framework.dSYM */; };
		99F7C187209096B40007D3D7 /* Reusable.framework.dSYM in CopyFiles */ = {isa = PBXBuildFile; fileRef = 99F7C185209096AE0007D3D7 /* Reusable.framework.dSYM */; };
		99F7C18C209096D50007D3D7 /* FBSnapshotTestCase.framework in Frameworks */ = {isa = PBXBuildFile; fileRef = 99F7C188209096D40007D3D7 /* FBSnapshotTestCase.framework */; };
		99F7C18D209096D50007D3D7 /* Nimble.framework in Frameworks */ = {isa = PBXBuildFile; fileRef = 99F7C189209096D40007D3D7 /* Nimble.framework */; };
		99F7C18E209096D50007D3D7 /* Quick.framework in Frameworks */ = {isa = PBXBuildFile; fileRef = 99F7C18A209096D40007D3D7 /* Quick.framework */; };
		99F7C18F209096D50007D3D7 /* Nimble_Snapshots.framework in Frameworks */ = {isa = PBXBuildFile; fileRef = 99F7C18B209096D50007D3D7 /* Nimble_Snapshots.framework */; };
		99F7C191209096ED0007D3D7 /* FBSnapshotTestCase.framework.dSYM in CopyFiles */ = {isa = PBXBuildFile; fileRef = 994EBED520909596001BACEF /* FBSnapshotTestCase.framework.dSYM */; };
		99F7C192209096ED0007D3D7 /* Nimble_Snapshots.framework.dSYM in CopyFiles */ = {isa = PBXBuildFile; fileRef = 994EBED920909596001BACEF /* Nimble_Snapshots.framework.dSYM */; };
		99F7C193209096ED0007D3D7 /* Nimble.framework.dSYM in CopyFiles */ = {isa = PBXBuildFile; fileRef = 994EBED720909596001BACEF /* Nimble.framework.dSYM */; };
		99F7C194209096ED0007D3D7 /* Quick.framework.dSYM in CopyFiles */ = {isa = PBXBuildFile; fileRef = 994EBED620909596001BACEF /* Quick.framework.dSYM */; };
/* End PBXBuildFile section */

/* Begin PBXContainerItemProxy section */
		99D7ED812090935800295F3D /* PBXContainerItemProxy */ = {
			isa = PBXContainerItemProxy;
			containerPortal = 99D7ED642090935800295F3D /* Project object */;
			proxyType = 1;
			remoteGlobalIDString = 99D7ED6B2090935800295F3D;
			remoteInfo = ViewCodeTrainning;
		};
/* End PBXContainerItemProxy section */

/* Begin PBXCopyFilesBuildPhase section */
		994EBED320909503001BACEF /* CopyFiles */ = {
			isa = PBXCopyFilesBuildPhase;
			buildActionMask = 2147483647;
			dstPath = "";
			dstSubfolderSpec = 16;
			files = (
				99F7C187209096B40007D3D7 /* Reusable.framework.dSYM in CopyFiles */,
				994EBEDF2090959D001BACEF /* SnapKit.framework.dSYM in CopyFiles */,
			);
			runOnlyForDeploymentPostprocessing = 0;
		};
		99F7C190209096DD0007D3D7 /* CopyFiles */ = {
			isa = PBXCopyFilesBuildPhase;
			buildActionMask = 2147483647;
			dstPath = "";
			dstSubfolderSpec = 16;
			files = (
				99F7C191209096ED0007D3D7 /* FBSnapshotTestCase.framework.dSYM in CopyFiles */,
				99F7C192209096ED0007D3D7 /* Nimble_Snapshots.framework.dSYM in CopyFiles */,
				99F7C193209096ED0007D3D7 /* Nimble.framework.dSYM in CopyFiles */,
				99F7C194209096ED0007D3D7 /* Quick.framework.dSYM in CopyFiles */,
			);
			runOnlyForDeploymentPostprocessing = 0;
		};
/* End PBXCopyFilesBuildPhase section */

/* Begin PBXFileReference section */
		994EBED0209094F1001BACEF /* SnapKit.framework */ = {isa = PBXFileReference; lastKnownFileType = wrapper.framework; name = SnapKit.framework; path = Carthage/Build/iOS/SnapKit.framework; sourceTree = "<group>"; };
		994EBED520909596001BACEF /* FBSnapshotTestCase.framework.dSYM */ = {isa = PBXFileReference; lastKnownFileType = wrapper.dsym; name = FBSnapshotTestCase.framework.dSYM; path = Carthage/Build/iOS/FBSnapshotTestCase.framework.dSYM; sourceTree = SOURCE_ROOT; };
		994EBED620909596001BACEF /* Quick.framework.dSYM */ = {isa = PBXFileReference; lastKnownFileType = wrapper.dsym; name = Quick.framework.dSYM; path = Carthage/Build/iOS/Quick.framework.dSYM; sourceTree = SOURCE_ROOT; };
		994EBED720909596001BACEF /* Nimble.framework.dSYM */ = {isa = PBXFileReference; lastKnownFileType = wrapper.dsym; name = Nimble.framework.dSYM; path = Carthage/Build/iOS/Nimble.framework.dSYM; sourceTree = SOURCE_ROOT; };
		994EBED820909596001BACEF /* SnapKit.framework.dSYM */ = {isa = PBXFileReference; lastKnownFileType = wrapper.dsym; name = SnapKit.framework.dSYM; path = Carthage/Build/iOS/SnapKit.framework.dSYM; sourceTree = SOURCE_ROOT; };
		994EBED920909596001BACEF /* Nimble_Snapshots.framework.dSYM */ = {isa = PBXFileReference; lastKnownFileType = wrapper.dsym; name = Nimble_Snapshots.framework.dSYM; path = Carthage/Build/iOS/Nimble_Snapshots.framework.dSYM; sourceTree = SOURCE_ROOT; };
		998BB6402090C93B0056F2B9 /* ViewControllerScreen.swift */ = {isa = PBXFileReference; lastKnownFileType = sourcecode.swift; path = ViewControllerScreen.swift; sourceTree = "<group>"; };
		998BB6422090D1ED0056F2B9 /* CodeView.swift */ = {isa = PBXFileReference; lastKnownFileType = sourcecode.swift; path = CodeView.swift; sourceTree = "<group>"; };
		99D7ED6C2090935800295F3D /* ViewCodeTrainning.app */ = {isa = PBXFileReference; explicitFileType = wrapper.application; includeInIndex = 0; path = ViewCodeTrainning.app; sourceTree = BUILT_PRODUCTS_DIR; };
		99D7ED6F2090935800295F3D /* AppDelegate.swift */ = {isa = PBXFileReference; lastKnownFileType = sourcecode.swift; path = AppDelegate.swift; sourceTree = "<group>"; };
		99D7ED712090935800295F3D /* ViewController.swift */ = {isa = PBXFileReference; lastKnownFileType = sourcecode.swift; path = ViewController.swift; sourceTree = "<group>"; };
		99D7ED762090935800295F3D /* Assets.xcassets */ = {isa = PBXFileReference; lastKnownFileType = folder.assetcatalog; path = Assets.xcassets; sourceTree = "<group>"; };
		99D7ED792090935800295F3D /* Base */ = {isa = PBXFileReference; lastKnownFileType = file.storyboard; name = Base; path = Base.lproj/LaunchScreen.storyboard; sourceTree = "<group>"; };
		99D7ED7B2090935800295F3D /* Info.plist */ = {isa = PBXFileReference; lastKnownFileType = text.plist.xml; path = Info.plist; sourceTree = "<group>"; };
		99D7ED802090935800295F3D /* ViewCodeTrainningTests.xctest */ = {isa = PBXFileReference; explicitFileType = wrapper.cfbundle; includeInIndex = 0; path = ViewCodeTrainningTests.xctest; sourceTree = BUILT_PRODUCTS_DIR; };
		99D7ED842090935800295F3D /* ViewCodeTrainningTests.swift */ = {isa = PBXFileReference; lastKnownFileType = sourcecode.swift; path = ViewCodeTrainningTests.swift; sourceTree = "<group>"; };
		99D7ED862090935800295F3D /* Info.plist */ = {isa = PBXFileReference; lastKnownFileType = text.plist.xml; path = Info.plist; sourceTree = "<group>"; };
		99F7C183209096770007D3D7 /* Reusable.framework */ = {isa = PBXFileReference; lastKnownFileType = wrapper.framework; name = Reusable.framework; path = Carthage/Build/iOS/Reusable.framework; sourceTree = "<group>"; };
		99F7C185209096AE0007D3D7 /* Reusable.framework.dSYM */ = {isa = PBXFileReference; lastKnownFileType = wrapper.dsym; name = Reusable.framework.dSYM; path = Carthage/Build/iOS/Reusable.framework.dSYM; sourceTree = SOURCE_ROOT; };
		99F7C188209096D40007D3D7 /* FBSnapshotTestCase.framework */ = {isa = PBXFileReference; lastKnownFileType = wrapper.framework; name = FBSnapshotTestCase.framework; path = Carthage/Build/iOS/FBSnapshotTestCase.framework; sourceTree = "<group>"; };
		99F7C189209096D40007D3D7 /* Nimble.framework */ = {isa = PBXFileReference; lastKnownFileType = wrapper.framework; name = Nimble.framework; path = Carthage/Build/iOS/Nimble.framework; sourceTree = "<group>"; };
		99F7C18A209096D40007D3D7 /* Quick.framework */ = {isa = PBXFileReference; lastKnownFileType = wrapper.framework; name = Quick.framework; path = Carthage/Build/iOS/Quick.framework; sourceTree = "<group>"; };
		99F7C18B209096D50007D3D7 /* Nimble_Snapshots.framework */ = {isa = PBXFileReference; lastKnownFileType = wrapper.framework; name = Nimble_Snapshots.framework; path = Carthage/Build/iOS/Nimble_Snapshots.framework; sourceTree = "<group>"; };
/* End PBXFileReference section */

/* Begin PBXFrameworksBuildPhase section */
		99D7ED692090935800295F3D /* Frameworks */ = {
			isa = PBXFrameworksBuildPhase;
			buildActionMask = 2147483647;
			files = (
				99F7C184209096770007D3D7 /* Reusable.framework in Frameworks */,
				994EBED1209094F1001BACEF /* SnapKit.framework in Frameworks */,
			);
			runOnlyForDeploymentPostprocessing = 0;
		};
		99D7ED7D2090935800295F3D /* Frameworks */ = {
			isa = PBXFrameworksBuildPhase;
			buildActionMask = 2147483647;
			files = (
				99F7C18C209096D50007D3D7 /* FBSnapshotTestCase.framework in Frameworks */,
				99F7C18D209096D50007D3D7 /* Nimble.framework in Frameworks */,
				99F7C18E209096D50007D3D7 /* Quick.framework in Frameworks */,
				99F7C18F209096D50007D3D7 /* Nimble_Snapshots.framework in Frameworks */,
			);
			runOnlyForDeploymentPostprocessing = 0;
		};
/* End PBXFrameworksBuildPhase section */

/* Begin PBXGroup section */
		994EBECF209094F1001BACEF /* Frameworks */ = {
			isa = PBXGroup;
			children = (
				99F7C188209096D40007D3D7 /* FBSnapshotTestCase.framework */,
				99F7C18B209096D50007D3D7 /* Nimble_Snapshots.framework */,
				99F7C189209096D40007D3D7 /* Nimble.framework */,
				99F7C18A209096D40007D3D7 /* Quick.framework */,
				99F7C183209096770007D3D7 /* Reusable.framework */,
				994EBED0209094F1001BACEF /* SnapKit.framework */,
			);
			name = Frameworks;
			sourceTree = "<group>";
		};
		994EBED42090957D001BACEF /* dSYMs */ = {
			isa = PBXGroup;
			children = (
				99F7C185209096AE0007D3D7 /* Reusable.framework.dSYM */,
				994EBED520909596001BACEF /* FBSnapshotTestCase.framework.dSYM */,
				994EBED920909596001BACEF /* Nimble_Snapshots.framework.dSYM */,
				994EBED720909596001BACEF /* Nimble.framework.dSYM */,
				994EBED620909596001BACEF /* Quick.framework.dSYM */,
				994EBED820909596001BACEF /* SnapKit.framework.dSYM */,
			);
			path = dSYMs;
			sourceTree = "<group>";
		};
		99D7ED632090935800295F3D = {
			isa = PBXGroup;
			children = (
				994EBED42090957D001BACEF /* dSYMs */,
				99D7ED6E2090935800295F3D /* ViewCodeTrainning */,
				99D7ED832090935800295F3D /* ViewCodeTrainningTests */,
				99D7ED6D2090935800295F3D /* Products */,
				994EBECF209094F1001BACEF /* Frameworks */,
			);
			sourceTree = "<group>";
		};
		99D7ED6D2090935800295F3D /* Products */ = {
			isa = PBXGroup;
			children = (
				99D7ED6C2090935800295F3D /* ViewCodeTrainning.app */,
				99D7ED802090935800295F3D /* ViewCodeTrainningTests.xctest */,
			);
			name = Products;
			sourceTree = "<group>";
		};
		99D7ED6E2090935800295F3D /* ViewCodeTrainning */ = {
			isa = PBXGroup;
			children = (
				99D7ED6F2090935800295F3D /* AppDelegate.swift */,
				99D7ED712090935800295F3D /* ViewController.swift */,
				99D7ED762090935800295F3D /* Assets.xcassets */,
				99D7ED782090935800295F3D /* LaunchScreen.storyboard */,
				99D7ED7B2090935800295F3D /* Info.plist */,
				998BB6402090C93B0056F2B9 /* ViewControllerScreen.swift */,
				998BB6422090D1ED0056F2B9 /* CodeView.swift */,
			);
			path = ViewCodeTrainning;
			sourceTree = "<group>";
		};
		99D7ED832090935800295F3D /* ViewCodeTrainningTests */ = {
			isa = PBXGroup;
			children = (
				99D7ED842090935800295F3D /* ViewCodeTrainningTests.swift */,
				99D7ED862090935800295F3D /* Info.plist */,
			);
			path = ViewCodeTrainningTests;
			sourceTree = "<group>";
		};
/* End PBXGroup section */

/* Begin PBXNativeTarget section */
		99D7ED6B2090935800295F3D /* ViewCodeTrainning */ = {
			isa = PBXNativeTarget;
			buildConfigurationList = 99D7ED892090935800295F3D /* Build configuration list for PBXNativeTarget "ViewCodeTrainning" */;
			buildPhases = (
				99D7ED682090935800295F3D /* Sources */,
				99D7ED692090935800295F3D /* Frameworks */,
				99D7ED6A2090935800295F3D /* Resources */,
				994EBED220909500001BACEF /* Carthage Copy Frameworks  */,
				994EBED320909503001BACEF /* CopyFiles */,
			);
			buildRules = (
			);
			dependencies = (
			);
			name = ViewCodeTrainning;
			productName = ViewCodeTrainning;
			productReference = 99D7ED6C2090935800295F3D /* ViewCodeTrainning.app */;
			productType = "com.apple.product-type.application";
		};
		99D7ED7F2090935800295F3D /* ViewCodeTrainningTests */ = {
			isa = PBXNativeTarget;
			buildConfigurationList = 99D7ED8C2090935800295F3D /* Build configuration list for PBXNativeTarget "ViewCodeTrainningTests" */;
			buildPhases = (
				99D7ED7C2090935800295F3D /* Sources */,
				99D7ED7D2090935800295F3D /* Frameworks */,
				99D7ED7E2090935800295F3D /* Resources */,
				99F7C195209096F10007D3D7 /* ShellScript */,
				99F7C190209096DD0007D3D7 /* CopyFiles */,
			);
			buildRules = (
			);
			dependencies = (
				99D7ED822090935800295F3D /* PBXTargetDependency */,
			);
			name = ViewCodeTrainningTests;
			productName = ViewCodeTrainningTests;
			productReference = 99D7ED802090935800295F3D /* ViewCodeTrainningTests.xctest */;
			productType = "com.apple.product-type.bundle.unit-test";
		};
/* End PBXNativeTarget section */

/* Begin PBXProject section */
		99D7ED642090935800295F3D /* Project object */ = {
			isa = PBXProject;
			attributes = {
				LastSwiftUpdateCheck = 0920;
				LastUpgradeCheck = 0920;
				ORGANIZATIONNAME = thiago.lioy;
				TargetAttributes = {
					99D7ED6B2090935800295F3D = {
						CreatedOnToolsVersion = 9.2;
						ProvisioningStyle = Automatic;
					};
					99D7ED7F2090935800295F3D = {
						CreatedOnToolsVersion = 9.2;
						ProvisioningStyle = Automatic;
						TestTargetID = 99D7ED6B2090935800295F3D;
					};
				};
			};
			buildConfigurationList = 99D7ED672090935800295F3D /* Build configuration list for PBXProject "ViewCodeTrainning" */;
			compatibilityVersion = "Xcode 8.0";
			developmentRegion = en;
			hasScannedForEncodings = 0;
			knownRegions = (
				en,
				Base,
			);
			mainGroup = 99D7ED632090935800295F3D;
			productRefGroup = 99D7ED6D2090935800295F3D /* Products */;
			projectDirPath = "";
			projectRoot = "";
			targets = (
				99D7ED6B2090935800295F3D /* ViewCodeTrainning */,
				99D7ED7F2090935800295F3D /* ViewCodeTrainningTests */,
			);
		};
/* End PBXProject section */

/* Begin PBXResourcesBuildPhase section */
		99D7ED6A2090935800295F3D /* Resources */ = {
			isa = PBXResourcesBuildPhase;
			buildActionMask = 2147483647;
			files = (
				994EBEDA20909596001BACEF /* FBSnapshotTestCase.framework.dSYM in Resources */,
				99D7ED7A2090935800295F3D /* LaunchScreen.storyboard in Resources */,
				994EBEDB20909596001BACEF /* Quick.framework.dSYM in Resources */,
				994EBEDD20909596001BACEF /* SnapKit.framework.dSYM in Resources */,
				99D7ED772090935800295F3D /* Assets.xcassets in Resources */,
				994EBEDC20909596001BACEF /* Nimble.framework.dSYM in Resources */,
				994EBEDE20909596001BACEF /* Nimble_Snapshots.framework.dSYM in Resources */,
				99F7C186209096AE0007D3D7 /* Reusable.framework.dSYM in Resources */,
			);
			runOnlyForDeploymentPostprocessing = 0;
		};
		99D7ED7E2090935800295F3D /* Resources */ = {
			isa = PBXResourcesBuildPhase;
			buildActionMask = 2147483647;
			files = (
			);
			runOnlyForDeploymentPostprocessing = 0;
		};
/* End PBXResourcesBuildPhase section */

/* Begin PBXShellScriptBuildPhase section */
		994EBED220909500001BACEF /* Carthage Copy Frameworks  */ = {
			isa = PBXShellScriptBuildPhase;
			buildActionMask = 2147483647;
			files = (
			);
			inputPaths = (
				"$(SRCROOT)/Carthage/Build/iOS/SnapKit.framework",
				"$(SRCROOT)/Carthage/Build/iOS/Reusable.framework",
			);
			name = "Carthage Copy Frameworks ";
			outputPaths = (
			);
			runOnlyForDeploymentPostprocessing = 0;
			shellPath = /bin/sh;
			shellScript = "/usr/local/bin/carthage copy-frameworks";
		};
		99F7C195209096F10007D3D7 /* ShellScript */ = {
			isa = PBXShellScriptBuildPhase;
			buildActionMask = 2147483647;
			files = (
			);
			inputPaths = (
				"$(SRCROOT)/Carthage/Build/iOS/FBSnapshotTestCase.framework",
				"$(SRCROOT)/Carthage/Build/iOS/Nimble_Snapshots.framework",
				"$(SRCROOT)/Carthage/Build/iOS/Quick.framework",
				"$(SRCROOT)/Carthage/Build/iOS/Nimble.framework",
			);
			outputPaths = (
			);
			runOnlyForDeploymentPostprocessing = 0;
			shellPath = /bin/sh;
			shellScript = "/usr/local/bin/carthage copy-frameworks";
		};
/* End PBXShellScriptBuildPhase section */

/* Begin PBXSourcesBuildPhase section */
		99D7ED682090935800295F3D /* Sources */ = {
			isa = PBXSourcesBuildPhase;
			buildActionMask = 2147483647;
			files = (
				99D7ED722090935800295F3D /* ViewController.swift in Sources */,
				998BB6412090C93B0056F2B9 /* ViewControllerScreen.swift in Sources */,
				99D7ED702090935800295F3D /* AppDelegate.swift in Sources */,
				998BB6432090D1ED0056F2B9 /* CodeView.swift in Sources */,
			);
			runOnlyForDeploymentPostprocessing = 0;
		};
		99D7ED7C2090935800295F3D /* Sources */ = {
			isa = PBXSourcesBuildPhase;
			buildActionMask = 2147483647;
			files = (
				99D7ED852090935800295F3D /* ViewCodeTrainningTests.swift in Sources */,
			);
			runOnlyForDeploymentPostprocessing = 0;
		};
/* End PBXSourcesBuildPhase section */

/* Begin PBXTargetDependency section */
		99D7ED822090935800295F3D /* PBXTargetDependency */ = {
			isa = PBXTargetDependency;
			target = 99D7ED6B2090935800295F3D /* ViewCodeTrainning */;
			targetProxy = 99D7ED812090935800295F3D /* PBXContainerItemProxy */;
		};
/* End PBXTargetDependency section */

/* Begin PBXVariantGroup section */
		99D7ED782090935800295F3D /* LaunchScreen.storyboard */ = {
			isa = PBXVariantGroup;
			children = (
				99D7ED792090935800295F3D /* Base */,
			);
			name = LaunchScreen.storyboard;
			sourceTree = "<group>";
		};
/* End PBXVariantGroup section */

/* Begin XCBuildConfiguration section */
		99D7ED872090935800295F3D /* Debug */ = {
			isa = XCBuildConfiguration;
			buildSettings = {
				ALWAYS_SEARCH_USER_PATHS = NO;
				CLANG_ANALYZER_NONNULL = YES;
				CLANG_ANALYZER_NUMBER_OBJECT_CONVERSION = YES_AGGRESSIVE;
				CLANG_CXX_LANGUAGE_STANDARD = "gnu++14";
				CLANG_CXX_LIBRARY = "libc++";
				CLANG_ENABLE_MODULES = YES;
				CLANG_ENABLE_OBJC_ARC = YES;
				CLANG_WARN_BLOCK_CAPTURE_AUTORELEASING = YES;
				CLANG_WARN_BOOL_CONVERSION = YES;
				CLANG_WARN_COMMA = YES;
				CLANG_WARN_CONSTANT_CONVERSION = YES;
				CLANG_WARN_DIRECT_OBJC_ISA_USAGE = YES_ERROR;
				CLANG_WARN_DOCUMENTATION_COMMENTS = YES;
				CLANG_WARN_EMPTY_BODY = YES;
				CLANG_WARN_ENUM_CONVERSION = YES;
				CLANG_WARN_INFINITE_RECURSION = YES;
				CLANG_WARN_INT_CONVERSION = YES;
				CLANG_WARN_NON_LITERAL_NULL_CONVERSION = YES;
				CLANG_WARN_OBJC_LITERAL_CONVERSION = YES;
				CLANG_WARN_OBJC_ROOT_CLASS = YES_ERROR;
				CLANG_WARN_RANGE_LOOP_ANALYSIS = YES;
				CLANG_WARN_STRICT_PROTOTYPES = YES;
				CLANG_WARN_SUSPICIOUS_MOVE = YES;
				CLANG_WARN_UNGUARDED_AVAILABILITY = YES_AGGRESSIVE;
				CLANG_WARN_UNREACHABLE_CODE = YES;
				CLANG_WARN__DUPLICATE_METHOD_MATCH = YES;
				CODE_SIGN_IDENTITY = "iPhone Developer";
				COPY_PHASE_STRIP = NO;
				DEBUG_INFORMATION_FORMAT = dwarf;
				ENABLE_STRICT_OBJC_MSGSEND = YES;
				ENABLE_TESTABILITY = YES;
				GCC_C_LANGUAGE_STANDARD = gnu11;
				GCC_DYNAMIC_NO_PIC = NO;
				GCC_NO_COMMON_BLOCKS = YES;
				GCC_OPTIMIZATION_LEVEL = 0;
				GCC_PREPROCESSOR_DEFINITIONS = (
					"DEBUG=1",
					"$(inherited)",
				);
				GCC_WARN_64_TO_32_BIT_CONVERSION = YES;
				GCC_WARN_ABOUT_RETURN_TYPE = YES_ERROR;
				GCC_WARN_UNDECLARED_SELECTOR = YES;
				GCC_WARN_UNINITIALIZED_AUTOS = YES_AGGRESSIVE;
				GCC_WARN_UNUSED_FUNCTION = YES;
				GCC_WARN_UNUSED_VARIABLE = YES;
				IPHONEOS_DEPLOYMENT_TARGET = 11.2;
				MTL_ENABLE_DEBUG_INFO = YES;
				ONLY_ACTIVE_ARCH = YES;
				SDKROOT = iphoneos;
				SWIFT_ACTIVE_COMPILATION_CONDITIONS = DEBUG;
				SWIFT_OPTIMIZATION_LEVEL = "-Onone";
			};
			name = Debug;
		};
		99D7ED882090935800295F3D /* Release */ = {
			isa = XCBuildConfiguration;
			buildSettings = {
				ALWAYS_SEARCH_USER_PATHS = NO;
				CLANG_ANALYZER_NONNULL = YES;
				CLANG_ANALYZER_NUMBER_OBJECT_CONVERSION = YES_AGGRESSIVE;
				CLANG_CXX_LANGUAGE_STANDARD = "gnu++14";
				CLANG_CXX_LIBRARY = "libc++";
				CLANG_ENABLE_MODULES = YES;
				CLANG_ENABLE_OBJC_ARC = YES;
				CLANG_WARN_BLOCK_CAPTURE_AUTORELEASING = YES;
				CLANG_WARN_BOOL_CONVERSION = YES;
				CLANG_WARN_COMMA = YES;
				CLANG_WARN_CONSTANT_CONVERSION = YES;
				CLANG_WARN_DIRECT_OBJC_ISA_USAGE = YES_ERROR;
				CLANG_WARN_DOCUMENTATION_COMMENTS = YES;
				CLANG_WARN_EMPTY_BODY = YES;
				CLANG_WARN_ENUM_CONVERSION = YES;
				CLANG_WARN_INFINITE_RECURSION = YES;
				CLANG_WARN_INT_CONVERSION = YES;
				CLANG_WARN_NON_LITERAL_NULL_CONVERSION = YES;
				CLANG_WARN_OBJC_LITERAL_CONVERSION = YES;
				CLANG_WARN_OBJC_ROOT_CLASS = YES_ERROR;
				CLANG_WARN_RANGE_LOOP_ANALYSIS = YES;
				CLANG_WARN_STRICT_PROTOTYPES = YES;
				CLANG_WARN_SUSPICIOUS_MOVE = YES;
				CLANG_WARN_UNGUARDED_AVAILABILITY = YES_AGGRESSIVE;
				CLANG_WARN_UNREACHABLE_CODE = YES;
				CLANG_WARN__DUPLICATE_METHOD_MATCH = YES;
				CODE_SIGN_IDENTITY = "iPhone Developer";
				COPY_PHASE_STRIP = NO;
				DEBUG_INFORMATION_FORMAT = "dwarf-with-dsym";
				ENABLE_NS_ASSERTIONS = NO;
				ENABLE_STRICT_OBJC_MSGSEND = YES;
				GCC_C_LANGUAGE_STANDARD = gnu11;
				GCC_NO_COMMON_BLOCKS = YES;
				GCC_WARN_64_TO_32_BIT_CONVERSION = YES;
				GCC_WARN_ABOUT_RETURN_TYPE = YES_ERROR;
				GCC_WARN_UNDECLARED_SELECTOR = YES;
				GCC_WARN_UNINITIALIZED_AUTOS = YES_AGGRESSIVE;
				GCC_WARN_UNUSED_FUNCTION = YES;
				GCC_WARN_UNUSED_VARIABLE = YES;
				IPHONEOS_DEPLOYMENT_TARGET = 11.2;
				MTL_ENABLE_DEBUG_INFO = NO;
				SDKROOT = iphoneos;
				SWIFT_OPTIMIZATION_LEVEL = "-Owholemodule";
				VALIDATE_PRODUCT = YES;
			};
			name = Release;
		};
		99D7ED8A2090935800295F3D /* Debug */ = {
			isa = XCBuildConfiguration;
			buildSettings = {
				ASSETCATALOG_COMPILER_APPICON_NAME = AppIcon;
				CODE_SIGN_STYLE = Automatic;
				FRAMEWORK_SEARCH_PATHS = (
					"$(inherited)",
					"$(PROJECT_DIR)/Carthage/Build/iOS",
				);
				INFOPLIST_FILE = ViewCodeTrainning/Info.plist;
				LD_RUNPATH_SEARCH_PATHS = "$(inherited) @executable_path/Frameworks";
				PRODUCT_BUNDLE_IDENTIFIER = tplioy.ViewCodeTrainning;
				PRODUCT_NAME = "$(TARGET_NAME)";
				SWIFT_VERSION = 4.0;
				TARGETED_DEVICE_FAMILY = "1,2";
			};
			name = Debug;
		};
		99D7ED8B2090935800295F3D /* Release */ = {
			isa = XCBuildConfiguration;
			buildSettings = {
				ASSETCATALOG_COMPILER_APPICON_NAME = AppIcon;
				CODE_SIGN_STYLE = Automatic;
				FRAMEWORK_SEARCH_PATHS = (
					"$(inherited)",
					"$(PROJECT_DIR)/Carthage/Build/iOS",
				);
				INFOPLIST_FILE = ViewCodeTrainning/Info.plist;
				LD_RUNPATH_SEARCH_PATHS = "$(inherited) @executable_path/Frameworks";
				PRODUCT_BUNDLE_IDENTIFIER = tplioy.ViewCodeTrainning;
				PRODUCT_NAME = "$(TARGET_NAME)";
				SWIFT_VERSION = 4.0;
				TARGETED_DEVICE_FAMILY = "1,2";
			};
			name = Release;
		};
		99D7ED8D2090935800295F3D /* Debug */ = {
			isa = XCBuildConfiguration;
			buildSettings = {
				ALWAYS_EMBED_SWIFT_STANDARD_LIBRARIES = YES;
				BUNDLE_LOADER = "$(TEST_HOST)";
				CODE_SIGN_STYLE = Automatic;
				FRAMEWORK_SEARCH_PATHS = (
					"$(inherited)",
					"$(PROJECT_DIR)/Carthage/Build/iOS",
				);
				INFOPLIST_FILE = ViewCodeTrainningTests/Info.plist;
				LD_RUNPATH_SEARCH_PATHS = "$(inherited) @executable_path/Frameworks @loader_path/Frameworks";
				PRODUCT_BUNDLE_IDENTIFIER = tplioy.ViewCodeTrainningTests;
				PRODUCT_NAME = "$(TARGET_NAME)";
				SWIFT_VERSION = 4.0;
				TARGETED_DEVICE_FAMILY = "1,2";
				TEST_HOST = "$(BUILT_PRODUCTS_DIR)/ViewCodeTrainning.app/ViewCodeTrainning";
			};
			name = Debug;
		};
		99D7ED8E2090935800295F3D /* Release */ = {
			isa = XCBuildConfiguration;
			buildSettings = {
				ALWAYS_EMBED_SWIFT_STANDARD_LIBRARIES = YES;
				BUNDLE_LOADER = "$(TEST_HOST)";
				CODE_SIGN_STYLE = Automatic;
				FRAMEWORK_SEARCH_PATHS = (
					"$(inherited)",
					"$(PROJECT_DIR)/Carthage/Build/iOS",
				);
				INFOPLIST_FILE = ViewCodeTrainningTests/Info.plist;
				LD_RUNPATH_SEARCH_PATHS = "$(inherited) @executable_path/Frameworks @loader_path/Frameworks";
				PRODUCT_BUNDLE_IDENTIFIER = tplioy.ViewCodeTrainningTests;
				PRODUCT_NAME = "$(TARGET_NAME)";
				SWIFT_VERSION = 4.0;
				TARGETED_DEVICE_FAMILY = "1,2";
				TEST_HOST = "$(BUILT_PRODUCTS_DIR)/ViewCodeTrainning.app/ViewCodeTrainning";
			};
			name = Release;
		};
/* End XCBuildConfiguration section */

/* Begin XCConfigurationList section */
		99D7ED672090935800295F3D /* Build configuration list for PBXProject "ViewCodeTrainning" */ = {
			isa = XCConfigurationList;
			buildConfigurations = (
				99D7ED872090935800295F3D /* Debug */,
				99D7ED882090935800295F3D /* Release */,
			);
			defaultConfigurationIsVisible = 0;
			defaultConfigurationName = Release;
		};
		99D7ED892090935800295F3D /* Build configuration list for PBXNativeTarget "ViewCodeTrainning" */ = {
			isa = XCConfigurationList;
			buildConfigurations = (
				99D7ED8A2090935800295F3D /* Debug */,
				99D7ED8B2090935800295F3D /* Release */,
			);
			defaultConfigurationIsVisible = 0;
			defaultConfigurationName = Release;
		};
		99D7ED8C2090935800295F3D /* Build configuration list for PBXNativeTarget "ViewCodeTrainningTests" */ = {
			isa = XCConfigurationList;
			buildConfigurations = (
				99D7ED8D2090935800295F3D /* Debug */,
				99D7ED8E2090935800295F3D /* Release */,
			);
			defaultConfigurationIsVisible = 0;
			defaultConfigurationName = Release;
		};
/* End XCConfigurationList section */
	};
	rootObject = 99D7ED642090935800295F3D /* Project object */;
}
